<?xml version="1.0" encoding="utf-8"?>
<Project ToolsVersion="4.0" xmlns="http://schemas.microsoft.com/developer/msbuild/2003">
  <ItemGroup>
    <Filter Include="Source Files">
      <UniqueIdentifier>{4FC737F1-C7A5-4376-A066-2A32D752A2FF}</UniqueIdentifier>
      <Extensions>cpp;c;cc;cxx;c++;def;odl;idl;hpj;bat;asm;asmx</Extensions>
    </Filter>
    <Filter Include="Framework">
      <UniqueIdentifier>{4134f4d5-8616-408a-b7ef-ffadb4d96ff7}</UniqueIdentifier>
    </Filter>
    <Filter Include="Framework\Camera">
      <UniqueIdentifier>{456d7661-2af9-429d-9073-342b9a65426b}</UniqueIdentifier>
    </Filter>
    <Filter Include="Framework\Map">
      <UniqueIdentifier>{0953b13f-250b-42e5-9ea4-4f42c44ddf16}</UniqueIdentifier>
    </Filter>
    <Filter Include="Framework\Scene">
      <UniqueIdentifier>{7218b03a-a956-4304-844b-f3edbd962652}</UniqueIdentifier>
    </Filter>
    <Filter Include="Framework\Util">
      <UniqueIdentifier>{d30e7923-3e36-4bc2-bcaa-b18967df5233}</UniqueIdentifier>
    </Filter>
    <Filter Include="Framework\AnimationManager">
      <UniqueIdentifier>{b1dc436d-0845-4de0-be86-b4178da2fa35}</UniqueIdentifier>
    </Filter>
    <Filter Include="Framework\AnimationManager\Sprite">
      <UniqueIdentifier>{9bb714f4-16c9-4592-9d52-0a5bddeb1d40}</UniqueIdentifier>
    </Filter>
    <Filter Include="Framework\AnimationManager\Animation">
      <UniqueIdentifier>{e45331e1-bdac-48f2-b02f-f76b5925be78}</UniqueIdentifier>
    </Filter>
    <Filter Include="Framework\AnimationManager\Texture">
      <UniqueIdentifier>{b7ca5839-1380-4658-8036-5b0e43cd71f8}</UniqueIdentifier>
    </Filter>
    <Filter Include="Objects">
      <UniqueIdentifier>{4e0729d6-6730-46c5-967b-495df6c4f6b2}</UniqueIdentifier>
    </Filter>
    <Filter Include="Objects\Player">
      <UniqueIdentifier>{eab10a39-fae6-4043-adc2-9fed5ed22285}</UniqueIdentifier>
    </Filter>
    <Filter Include="Objects\Enemies">
      <UniqueIdentifier>{881a6819-e8c7-4b8b-b1bb-a3f0b77c848f}</UniqueIdentifier>
    </Filter>
    <Filter Include="Objects\Ground">
      <UniqueIdentifier>{67e2d519-64ae-4f1d-82c4-944cf8b0e4e5}</UniqueIdentifier>
    </Filter>
    <Filter Include="Framework\Const">
      <UniqueIdentifier>{05dd1fa1-4dd6-48f6-a190-db3039774105}</UniqueIdentifier>
    </Filter>
    <Filter Include="Objects\Weapon">
      <UniqueIdentifier>{75c46307-32b2-4e0a-9a21-01eea99d30f2}</UniqueIdentifier>
    </Filter>
  </ItemGroup>
  <ItemGroup>
    <ClCompile Include="main.cpp">
      <Filter>Source Files</Filter>
    </ClCompile>
    <ClCompile Include="Camera.cpp">
      <Filter>Framework\Camera</Filter>
    </ClCompile>
    <ClCompile Include="Utils.cpp">
      <Filter>Framework\Util</Filter>
    </ClCompile>
    <ClCompile Include="PlayScene.cpp">
      <Filter>Framework\Scene</Filter>
    </ClCompile>
    <ClCompile Include="Scene.cpp">
      <Filter>Framework\Scene</Filter>
    </ClCompile>
    <ClCompile Include="Textures.cpp">
      <Filter>Framework\AnimationManager\Texture</Filter>
    </ClCompile>
    <ClCompile Include="Game.cpp">
      <Filter>Framework\Util</Filter>
    </ClCompile>
    <ClCompile Include="Sprite.cpp">
      <Filter>Framework\AnimationManager\Sprite</Filter>
    </ClCompile>
    <ClCompile Include="Sprites.cpp">
      <Filter>Framework\AnimationManager\Sprite</Filter>
    </ClCompile>
    <ClCompile Include="Animation.cpp">
      <Filter>Framework\AnimationManager\Animation</Filter>
    </ClCompile>
    <ClCompile Include="Animations.cpp">
      <Filter>Framework\AnimationManager\Animation</Filter>
    </ClCompile>
    <ClCompile Include="GameObject.cpp">
      <Filter>Framework</Filter>
    </ClCompile>
    <ClCompile Include="Mario.cpp">
      <Filter>Objects\Player</Filter>
    </ClCompile>
    <ClCompile Include="Brick.cpp">
      <Filter>Objects\Ground</Filter>
    </ClCompile>
    <ClCompile Include="AnimationSets.cpp">
      <Filter>Framework\AnimationManager\Animation</Filter>
    </ClCompile>
    <ClCompile Include="Tiles.cpp">
      <Filter>Framework\Map</Filter>
    </ClCompile>
    <ClCompile Include="WalkingState.cpp">
      <Filter>Objects\Player</Filter>
    </ClCompile>
    <ClCompile Include="Map.cpp">
      <Filter>Framework\Map</Filter>
    </ClCompile>
    <ClCompile Include="StandingState.cpp">
      <Filter>Objects\Player</Filter>
    </ClCompile>
    <ClCompile Include="JumpingState.cpp">
      <Filter>Objects\Player</Filter>
    </ClCompile>
    <ClCompile Include="FallingState.cpp">
      <Filter>Objects\Player</Filter>
    </ClCompile>
    <ClCompile Include="CrouchingState.cpp">
      <Filter>Objects\Player</Filter>
    </ClCompile>
    <ClCompile Include="HighJumpingState.cpp">
      <Filter>Objects\Player</Filter>
    </ClCompile>
    <ClCompile Include="RunningState.cpp">
      <Filter>Objects\Player</Filter>
    </ClCompile>
    <ClCompile Include="SpinningState.cpp">
      <Filter>Objects\Player</Filter>
    </ClCompile>
    <ClCompile Include="PlayerState.cpp">
      <Filter>Objects\Player</Filter>
    </ClCompile>
    <ClCompile Include="FireBall.cpp">
      <Filter>Objects\Weapon</Filter>
    </ClCompile>
    <ClCompile Include="AttackingState.cpp">
      <Filter>Objects\Player</Filter>
    </ClCompile>
    <ClCompile Include="InvisibleObject.cpp">
      <Filter>Objects</Filter>
    </ClCompile>
    <ClCompile Include="FlyingState.cpp">
      <Filter>Objects\Player</Filter>
    </ClCompile>
    <ClCompile Include="BrickQuestion.cpp">
      <Filter>Objects\Ground</Filter>
    </ClCompile>
    <ClCompile Include="Goomba.cpp">
      <Filter>Objects\Enemies</Filter>
    </ClCompile>
    <ClCompile Include="Koopa.cpp">
      <Filter>Objects\Enemies</Filter>
    </ClCompile>
    <ClCompile Include="RacconFallingState.cpp">
      <Filter>Objects\Player</Filter>
    </ClCompile>
  </ItemGroup>
  <ItemGroup>
    <ClInclude Include="Camera.h">
      <Filter>Framework\Camera</Filter>
    </ClInclude>
    <ClInclude Include="Game.h">
      <Filter>Framework\Util</Filter>
    </ClInclude>
    <ClInclude Include="KeyEventHandler.h">
      <Filter>Framework\Util</Filter>
    </ClInclude>
    <ClInclude Include="Scene.h">
      <Filter>Framework\Scene</Filter>
    </ClInclude>
    <ClInclude Include="PlayScene.h">
      <Filter>Framework\Scene</Filter>
    </ClInclude>
    <ClInclude Include="Utils.h">
      <Filter>Framework\Util</Filter>
    </ClInclude>
    <ClInclude Include="Textures.h">
      <Filter>Framework\AnimationManager\Texture</Filter>
    </ClInclude>
    <ClInclude Include="Sprite.h">
      <Filter>Framework\AnimationManager\Sprite</Filter>
    </ClInclude>
    <ClInclude Include="Sprites.h">
      <Filter>Framework\AnimationManager\Sprite</Filter>
    </ClInclude>
    <ClInclude Include="AnimationFrame.h">
      <Filter>Framework\AnimationManager\Animation</Filter>
    </ClInclude>
    <ClInclude Include="Animation.h">
      <Filter>Framework\AnimationManager\Animation</Filter>
    </ClInclude>
    <ClInclude Include="Animations.h">
      <Filter>Framework\AnimationManager\Animation</Filter>
    </ClInclude>
    <ClInclude Include="DefineLibs.h">
      <Filter>Framework\Util</Filter>
    </ClInclude>
    <ClInclude Include="GameObject.h">
      <Filter>Framework</Filter>
    </ClInclude>
    <ClInclude Include="Mario.h">
      <Filter>Objects\Player</Filter>
    </ClInclude>
    <ClInclude Include="Brick.h">
      <Filter>Objects\Ground</Filter>
    </ClInclude>
    <ClInclude Include="AnimationSets.h">
      <Filter>Framework\AnimationManager\Animation</Filter>
    </ClInclude>
    <ClInclude Include="Tiles.h">
      <Filter>Framework\Map</Filter>
    </ClInclude>
    <ClInclude Include="ObjectType.h">
      <Filter>Framework\Const</Filter>
    </ClInclude>
    <ClInclude Include="MarioConst.h">
      <Filter>Framework\Const</Filter>
    </ClInclude>
    <ClInclude Include="PlayerState.h">
      <Filter>Objects\Player</Filter>
    </ClInclude>
    <ClInclude Include="WalkingState.h">
      <Filter>Objects\Player</Filter>
    </ClInclude>
    <ClInclude Include="Map.h">
      <Filter>Framework\Map</Filter>
    </ClInclude>
    <ClInclude Include="StandingState.h">
      <Filter>Objects\Player</Filter>
    </ClInclude>
    <ClInclude Include="JumpingState.h">
      <Filter>Objects\Player</Filter>
    </ClInclude>
    <ClInclude Include="FallingState.h">
      <Filter>Objects\Player</Filter>
    </ClInclude>
    <ClInclude Include="CrouchingState.h">
      <Filter>Objects\Player</Filter>
    </ClInclude>
    <ClInclude Include="HighJumpingState.h">
      <Filter>Objects\Player</Filter>
    </ClInclude>
    <ClInclude Include="RunningState.h">
      <Filter>Objects\Player</Filter>
    </ClInclude>
    <ClInclude Include="SpinningState.h">
      <Filter>Objects\Player</Filter>
    </ClInclude>
    <ClInclude Include="FireBall.h">
      <Filter>Objects\Weapon</Filter>
    </ClInclude>
    <ClInclude Include="AttackingState.h">
      <Filter>Objects\Player</Filter>
    </ClInclude>
    <ClInclude Include="InvisibleObject.h">
      <Filter>Objects</Filter>
    </ClInclude>
    <ClInclude Include="FlyingState.h">
      <Filter>Objects\Player</Filter>
    </ClInclude>
    <ClInclude Include="BrickQuestion.h">
      <Filter>Objects\Ground</Filter>
    </ClInclude>
    <ClInclude Include="Goomba.h">
      <Filter>Objects\Enemies</Filter>
    </ClInclude>
    <ClInclude Include="Koopa.h">
      <Filter>Objects\Enemies</Filter>
    </ClInclude>
    <ClInclude Include="RacconFallingState.h">
      <Filter>Objects\Player</Filter>
    </ClInclude>
  </ItemGroup>
</Project>